
Microsoft Visual Studio Solution File, Format Version 12.00
# Visual Studio Version 16
VisualStudioVersion = 16.0.31729.503
MinimumVisualStudioVersion = 10.0.40219.1
Project("{FAE04EC0-301F-11D3-BF4B-00C04F79EFBC}") = "CalculatorProject", "CalculatorProject\CalculatorProject.csproj", "{005FBCCC-E3A3-44A9-9C5A-03EB84C6B672}"
EndProject
Project("{FAE04EC0-301F-11D3-BF4B-00C04F79EFBC}") = "KmapCalc", "KmapCalc\KmapCalc.csproj", "{C5095661-8CB1-477E-A3E1-ABF36F5C5C72}"
EndProject
Global
	GlobalSection(SolutionConfigurationPlatforms) = preSolution
		Debug|Any CPU = Debug|Any CPU
		Release|Any CPU = Release|Any CPU
	EndGlobalSection
	GlobalSection(ProjectConfigurationPlatforms) = postSolution
		{005FBCCC-E3A3-44A9-9C5A-03EB84C6B672}.Debug|Any CPU.ActiveCfg = Debug|Any CPU
		{005FBCCC-E3A3-44A9-9C5A-03EB84C6B672}.Debug|Any CPU.Build.0 = Debug|Any CPU
		{005FBCCC-E3A3-44A9-9C5A-03EB84C6B672}.Release|Any CPU.ActiveCfg = Release|Any CPU
		{005FBCCC-E3A3-44A9-9C5A-03EB84C6B672}.Release|Any CPU.Build.0 = Release|Any CPU
		{C5095661-8CB1-477E-A3E1-ABF36F5C5C72}.Debug|Any CPU.ActiveCfg = Debug|Any CPU
		{C5095661-8CB1-477E-A3E1-ABF36F5C5C72}.Debug|Any CPU.Build.0 = Debug|Any CPU
		{C5095661-8CB1-477E-A3E1-ABF36F5C5C72}.Release|Any CPU.ActiveCfg = Release|Any CPU
		{C5095661-8CB1-477E-A3E1-ABF36F5C5C72}.Release|Any CPU.Build.0 = Release|Any CPU
	EndGlobalSection
	GlobalSection(SolutionProperties) = preSolution
		HideSolutionNode = FALSE
	EndGlobalSection
	GlobalSection(ExtensibilityGlobals) = postSolution
		SolutionGuid = {39364D47-1CB4-4669-A7E0-20BFB0EAF066}
	EndGlobalSection
EndGlobal
